
Microsoft Visual Studio Solution File, Format Version 12.00
# Visual Studio 15
VisualStudioVersion = 15.0.26730.10
MinimumVisualStudioVersion = 10.0.40219.1
Project("{FAE04EC0-301F-11D3-BF4B-00C04F79EFBC}") = "CommandPattern", "CommandPattern\CommandPattern.csproj", "{F9B566B0-6A6E-412D-B6FB-5E74DBED5A0D}"
EndProject
Project("{FAE04EC0-301F-11D3-BF4B-00C04F79EFBC}") = "CalcCommands", "CalcCommands\CalcCommands.csproj", "{78B4B0DB-3A3A-4BB9-ACB9-8145E670F5A7}"
EndProject
Global
	GlobalSection(SolutionConfigurationPlatforms) = preSolution
		Debug|Any CPU = Debug|Any CPU
		Release|Any CPU = Release|Any CPU
	EndGlobalSection
	GlobalSection(ProjectConfigurationPlatforms) = postSolution
		{F9B566B0-6A6E-412D-B6FB-5E74DBED5A0D}.Debug|Any CPU.ActiveCfg = Debug|Any CPU
		{F9B566B0-6A6E-412D-B6FB-5E74DBED5A0D}.Debug|Any CPU.Build.0 = Debug|Any CPU
		{F9B566B0-6A6E-412D-B6FB-5E74DBED5A0D}.Release|Any CPU.ActiveCfg = Release|Any CPU
		{F9B566B0-6A6E-412D-B6FB-5E74DBED5A0D}.Release|Any CPU.Build.0 = Release|Any CPU
		{78B4B0DB-3A3A-4BB9-ACB9-8145E670F5A7}.Debug|Any CPU.ActiveCfg = Debug|Any CPU
		{78B4B0DB-3A3A-4BB9-ACB9-8145E670F5A7}.Debug|Any CPU.Build.0 = Debug|Any CPU
		{78B4B0DB-3A3A-4BB9-ACB9-8145E670F5A7}.Release|Any CPU.ActiveCfg = Release|Any CPU
		{78B4B0DB-3A3A-4BB9-ACB9-8145E670F5A7}.Release|Any CPU.Build.0 = Release|Any CPU
	EndGlobalSection
	GlobalSection(SolutionProperties) = preSolution
		HideSolutionNode = FALSE
	EndGlobalSection
	GlobalSection(ExtensibilityGlobals) = postSolution
		SolutionGuid = {75AB296B-4744-4B2E-B746-DB4062C1DD12}
	EndGlobalSection
EndGlobal
